// !$*UTF8*$!
{
	archiveVersion = 1;
	classes = {
	};
	objectVersion = 46;
	objects = {

/* Begin PBXBuildFile section */
		DF42794C1E5FA1C60070C092 /* AppDelegate.swift in Sources */ = {isa = PBXBuildFile; fileRef = DF42794B1E5FA1C60070C092 /* AppDelegate.swift */; };
		DF42794E1E5FA1C60070C092 /* ViewController.swift in Sources */ = {isa = PBXBuildFile; fileRef = DF42794D1E5FA1C60070C092 /* ViewController.swift */; };
		DF4279511E5FA1C60070C092 /* Main.storyboard in Resources */ = {isa = PBXBuildFile; fileRef = DF42794F1E5FA1C60070C092 /* Main.storyboard */; };
		DF4279531E5FA1C60070C092 /* Assets.xcassets in Resources */ = {isa = PBXBuildFile; fileRef = DF4279521E5FA1C60070C092 /* Assets.xcassets */; };
		DF4279561E5FA1C60070C092 /* LaunchScreen.storyboard in Resources */ = {isa = PBXBuildFile; fileRef = DF4279541E5FA1C60070C092 /* LaunchScreen.storyboard */; };
		DF42795F1E5FA2000070C092 /* MapKit.framework in Frameworks */ = {isa = PBXBuildFile; fileRef = DF42795E1E5FA2000070C092 /* MapKit.framework */; };
/* End PBXBuildFile section */

/* Begin PBXFileReference section */
		DF4279481E5FA1C60070C092 /* MapHelloWorld.app */ = {isa = PBXFileReference; explicitFileType = wrapper.application; includeInIndex = 0; path = MapHelloWorld.app; sourceTree = BUILT_PRODUCTS_DIR; };
		DF42794B1E5FA1C60070C092 /* AppDelegate.swift */ = {isa = PBXFileReference; lastKnownFileType = sourcecode.swift; path = AppDelegate.swift; sourceTree = "<group>"; };
		DF42794D1E5FA1C60070C092 /* ViewController.swift */ = {isa = PBXFileReference; lastKnownFileType = sourcecode.swift; path = ViewController.swift; sourceTree = "<group>"; };
		DF4279501E5FA1C60070C092 /* Base */ = {isa = PBXFileReference; lastKnownFileType = file.storyboard; name = Base; path = Base.lproj/Main.storyboard; sourceTree = "<group>"; };
		DF4279521E5FA1C60070C092 /* Assets.xcassets */ = {isa = PBXFileReference; lastKnownFileType = folder.assetcatalog; path = Assets.xcassets; sourceTree = "<group>"; };
		DF4279551E5FA1C60070C092 /* Base */ = {isa = PBXFileReference; lastKnownFileType = file.storyboard; name = Base; path = Base.lproj/LaunchScreen.storyboard; sourceTree = "<group>"; };
		DF4279571E5FA1C60070C092 /* Info.plist */ = {isa = PBXFileReference; lastKnownFileType = text.plist.xml; path = Info.plist; sourceTree = "<group>"; };
		DF42795E1E5FA2000070C092 /* MapKit.framework */ = {isa = PBXFileReference; lastKnownFileType = wrapper.framework; name = MapKit.framework; path = System/Library/Frameworks/MapKit.framework; sourceTree = SDKROOT; };
/* End PBXFileReference section */

/* Begin PBXFrameworksBuildPhase section */
		DF4279451E5FA1C60070C092 /* Frameworks */ = {
			isa = PBXFrameworksBuildPhase;
			buildActionMask = 2147483647;
			files = (
				DF42795F1E5FA2000070C092 /* MapKit.framework in Frameworks */,
			);
			runOnlyForDeploymentPostprocessing = 0;
		};
/* End PBXFrameworksBuildPhase section */

/* Begin PBXGroup section */
		DF42793F1E5FA1C60070C092 = {
			isa = PBXGroup;
			children = (
				DF42794A1E5FA1C60070C092 /* MapHelloWorld */,
				DF4279491E5FA1C60070C092 /* Products */,
				DF42795D1E5FA2000070C092 /* Frameworks */,
			);
			sourceTree = "<group>";
		};
		DF4279491E5FA1C60070C092 /* Products */ = {
			isa = PBXGroup;
			children = (
				DF4279481E5FA1C60070C092 /* MapHelloWorld.app */,
			);
			name = Products;
			sourceTree = "<group>";
		};
		DF42794A1E5FA1C60070C092 /* MapHelloWorld */ = {
			isa = PBXGroup;
			children = (
				DF42794B1E5FA1C60070C092 /* AppDelegate.swift */,
				DF42794D1E5FA1C60070C092 /* ViewController.swift */,
				DF42794F1E5FA1C60070C092 /* Main.storyboard */,
				DF4279521E5FA1C60070C092 /* Assets.xcassets */,
				DF4279541E5FA1C60070C092 /* LaunchScreen.storyboard */,
				DF4279571E5FA1C60070C092 /* Info.plist */,
			);
			path = MapHelloWorld;
			sourceTree = "<group>";
		};
		DF42795D1E5FA2000070C092 /* Frameworks */ = {
			isa = PBXGroup;
			children = (
				DF42795E1E5FA2000070C092 /* MapKit.framework */,
			);
			name = Frameworks;
			sourceTree = "<group>";
		};
/* End PBXGroup section */

/* Begin PBXNativeTarget section */
		DF4279471E5FA1C60070C092 /* MapHelloWorld */ = {
			isa = PBXNativeTarget;
			buildConfigurationList = DF42795A1E5FA1C60070C092 /* Build configuration list for PBXNativeTarget "MapHelloWorld" */;
			buildPhases = (
				DF4279441E5FA1C60070C092 /* Sources */,
				DF4279451E5FA1C60070C092 /* Frameworks */,
				DF4279461E5FA1C60070C092 /* Resources */,
			);
			buildRules = (
			);
			dependencies = (
			);
			name = MapHelloWorld;
			productName = MapHelloWorld;
			productReference = DF4279481E5FA1C60070C092 /* MapHelloWorld.app */;
			productType = "com.apple.product-type.application";
		};
/* End PBXNativeTarget section */

/* Begin PBXProject section */
		DF4279401E5FA1C60070C092 /* Project object */ = {
			isa = PBXProject;
			attributes = {
				LastSwiftUpdateCheck = 0820;
				LastUpgradeCheck = 0820;
				ORGANIZATIONNAME = "Jose Sanchez Rodriguez";
				TargetAttributes = {
					DF4279471E5FA1C60070C092 = {
						CreatedOnToolsVersion = 8.2.1;
						DevelopmentTeam = 6RPGGVZM93;
						ProvisioningStyle = Automatic;
						SystemCapabilities = {
							com.apple.Maps.iOS = {
								enabled = 1;
							};
						};
					};
				};
			};
			buildConfigurationList = DF4279431E5FA1C60070C092 /* Build configuration list for PBXProject "MapHelloWorld" */;
			compatibilityVersion = "Xcode 3.2";
			developmentRegion = English;
			hasScannedForEncodings = 0;
			knownRegions = (
				en,
				Base,
			);
			mainGroup = DF42793F1E5FA1C60070C092;
			productRefGroup = DF4279491E5FA1C60070C092 /* Products */;
			projectDirPath = "";
			projectRoot = "";
			targets = (
				DF4279471E5FA1C60070C092 /* MapHelloWorld */,
			);
		};
/* End PBXProject section */

/* Begin PBXResourcesBuildPhase section */
		DF4279461E5FA1C60070C092 /* Resources */ = {
			isa = PBXResourcesBuildPhase;
			buildActionMask = 2147483647;
			files = (
				DF4279561E5FA1C60070C092 /* LaunchScreen.storyboard in Resources */,
				DF4279531E5FA1C60070C092 /* Assets.xcassets in Resources */,
				DF4279511E5FA1C60070C092 /* Main.storyboard in Resources */,
			);
			runOnlyForDeploymentPostprocessing = 0;
		};
/* End PBXResourcesBuildPhase section */

/* Begin PBXSourcesBuildPhase section */
		DF4279441E5FA1C60070C092 /* Sources */ = {
			isa = PBXSourcesBuildPhase;
			buildActionMask = 2147483647;
			files = (
				DF42794E1E5FA1C60070C092 /* ViewController.swift in Sources */,
				DF42794C1E5FA1C60070C092 /* AppDelegate.swift in Sources */,
			);
			runOnlyForDeploymentPostprocessing = 0;
		};
/* End PBXSourcesBuildPhase section */

/* Begin PBXVariantGroup section */
		DF42794F1E5FA1C60070C092 /* Main.storyboard */ = {
			isa = PBXVariantGroup;
			children = (
				DF4279501E5FA1C60070C092 /* Base */,
			);
			name = Main.storyboard;
			sourceTree = "<group>";
		};
		DF4279541E5FA1C60070C092 /* LaunchScreen.storyboard */ = {
			isa = PBXVariantGroup;
			children = (
				DF4279551E5FA1C60070C092 /* Base */,
			);
			name = LaunchScreen.storyboard;
			sourceTree = "<group>";
		};
/* End PBXVariantGroup section */

/* Begin XCBuildConfiguration section */
		DF4279581E5FA1C60070C092 /* Debug */ = {
			isa = XCBuildConfiguration;
			buildSettings = {
				ALWAYS_SEARCH_USER_PATHS = NO;
				CLANG_ANALYZER_NONNULL = YES;
				CLANG_CXX_LANGUAGE_STANDARD = "gnu++0x";
				CLANG_CXX_LIBRARY = "libc++";
				CLANG_ENABLE_MODULES = YES;
				CLANG_ENABLE_OBJC_ARC = YES;
				CLANG_WARN_BOOL_CONVERSION = YES;
				CLANG_WARN_CONSTANT_CONVERSION = YES;
				CLANG_WARN_DIRECT_OBJC_ISA_USAGE = YES_ERROR;
				CLANG_WARN_DOCUMENTATION_COMMENTS = YES;
				CLANG_WARN_EMPTY_BODY = YES;
				CLANG_WARN_ENUM_CONVERSION = YES;
				CLANG_WARN_INFINITE_RECURSION = YES;
				CLANG_WARN_INT_CONVERSION = YES;
				CLANG_WARN_OBJC_ROOT_CLASS = YES_ERROR;
				CLANG_WARN_SUSPICIOUS_MOVE = YES;
				CLANG_WARN_UNREACHABLE_CODE = YES;
				CLANG_WARN__DUPLICATE_METHOD_MATCH = YES;
				"CODE_SIGN_IDENTITY[sdk=iphoneos*]" = "iPhone Developer";
				COPY_PHASE_STRIP = NO;
				DEBUG_INFORMATION_FORMAT = dwarf;
				ENABLE_STRICT_OBJC_MSGSEND = YES;
				ENABLE_TESTABILITY = YES;
				GCC_C_LANGUAGE_STANDARD = gnu99;
				GCC_DYNAMIC_NO_PIC = NO;
				GCC_NO_COMMON_BLOCKS = YES;
				GCC_OPTIMIZATION_LEVEL = 0;
				GCC_PREPROCESSOR_DEFINITIONS = (
					"DEBUG=1",
					"$(inherited)",
				);
				GCC_WARN_64_TO_32_BIT_CONVERSION = YES;
				GCC_WARN_ABOUT_RETURN_TYPE = YES_ERROR;
				GCC_WARN_UNDECLARED_SELECTOR = YES;
				GCC_WARN_UNINITIALIZED_AUTOS = YES_AGGRESSIVE;
				GCC_WARN_UNUSED_FUNCTION = YES;
				GCC_WARN_UNUSED_VARIABLE = YES;
				IPHONEOS_DEPLOYMENT_TARGET = 10.2;
				MTL_ENABLE_DEBUG_INFO = YES;
				ONLY_ACTIVE_ARCH = YES;
				SDKROOT = iphoneos;
				SWIFT_ACTIVE_COMPILATION_CONDITIONS = DEBUG;
				SWIFT_OPTIMIZATION_LEVEL = "-Onone";
			};
			name = Debug;
		};
		DF4279591E5FA1C60070C092 /* Release */ = {
			isa = XCBuildConfiguration;
			buildSettings = {
				ALWAYS_SEARCH_USER_PATHS = NO;
				CLANG_ANALYZER_NONNULL = YES;
				CLANG_CXX_LANGUAGE_STANDARD = "gnu++0x";
				CLANG_CXX_LIBRARY = "libc++";
				CLANG_ENABLE_MODULES = YES;
				CLANG_ENABLE_OBJC_ARC = YES;
				CLANG_WARN_BOOL_CONVERSION = YES;
				CLANG_WARN_CONSTANT_CONVERSION = YES;
				CLANG_WARN_DIRECT_OBJC_ISA_USAGE = YES_ERROR;
				CLANG_WARN_DOCUMENTATION_COMMENTS = YES;
				CLANG_WARN_EMPTY_BODY = YES;
				CLANG_WARN_ENUM_CONVERSION = YES;
				CLANG_WARN_INFINITE_RECURSION = YES;
				CLANG_WARN_INT_CONVERSION = YES;
				CLANG_WARN_OBJC_ROOT_CLASS = YES_ERROR;
				CLANG_WARN_SUSPICIOUS_MOVE = YES;
				CLANG_WARN_UNREACHABLE_CODE = YES;
				CLANG_WARN__DUPLICATE_METHOD_MATCH = YES;
				"CODE_SIGN_IDENTITY[sdk=iphoneos*]" = "iPhone Developer";
				COPY_PHASE_STRIP = NO;
				DEBUG_INFORMATION_FORMAT = "dwarf-with-dsym";
				ENABLE_NS_ASSERTIONS = NO;
				ENABLE_STRICT_OBJC_MSGSEND = YES;
				GCC_C_LANGUAGE_STANDARD = gnu99;
				GCC_NO_COMMON_BLOCKS = YES;
				GCC_WARN_64_TO_32_BIT_CONVERSION = YES;
				GCC_WARN_ABOUT_RETURN_TYPE = YES_ERROR;
				GCC_WARN_UNDECLARED_SELECTOR = YES;
				GCC_WARN_UNINITIALIZED_AUTOS = YES_AGGRESSIVE;
				GCC_WARN_UNUSED_FUNCTION = YES;
				GCC_WARN_UNUSED_VARIABLE = YES;
				IPHONEOS_DEPLOYMENT_TARGET = 10.2;
				MTL_ENABLE_DEBUG_INFO = NO;
				SDKROOT = iphoneos;
				SWIFT_OPTIMIZATION_LEVEL = "-Owholemodule";
				VALIDATE_PRODUCT = YES;
			};
			name = Release;
		};
		DF42795B1E5FA1C60070C092 /* Debug */ = {
			isa = XCBuildConfiguration;
			buildSettings = {
				ASSETCATALOG_COMPILER_APPICON_NAME = AppIcon;
				DEVELOPMENT_TEAM = 6RPGGVZM93;
				INFOPLIST_FILE = MapHelloWorld/Info.plist;
				LD_RUNPATH_SEARCH_PATHS = "$(inherited) @executable_path/Frameworks";
				PRODUCT_BUNDLE_IDENTIFIER = JoseJacin.MapHelloWorld;
				PRODUCT_NAME = "$(TARGET_NAME)";
				SWIFT_VERSION = 3.0;
			};
			name = Debug;
		};
		DF42795C1E5FA1C60070C092 /* Release */ = {
			isa = XCBuildConfiguration;
			buildSettings = {
				ASSETCATALOG_COMPILER_APPICON_NAME = AppIcon;
				DEVELOPMENT_TEAM = 6RPGGVZM93;
				INFOPLIST_FILE = MapHelloWorld/Info.plist;
				LD_RUNPATH_SEARCH_PATHS = "$(inherited) @executable_path/Frameworks";
				PRODUCT_BUNDLE_IDENTIFIER = JoseJacin.MapHelloWorld;
				PRODUCT_NAME = "$(TARGET_NAME)";
				SWIFT_VERSION = 3.0;
			};
			name = Release;
		};
/* End XCBuildConfiguration section */

/* Begin XCConfigurationList section */
		DF4279431E5FA1C60070C092 /* Build configuration list for PBXProject "MapHelloWorld" */ = {
			isa = XCConfigurationList;
			buildConfigurations = (
				DF4279581E5FA1C60070C092 /* Debug */,
				DF4279591E5FA1C60070C092 /* Release */,
			);
			defaultConfigurationIsVisible = 0;
			defaultConfigurationName = Release;
		};
		DF42795A1E5FA1C60070C092 /* Build configuration list for PBXNativeTarget "MapHelloWorld" */ = {
			isa = XCConfigurationList;
			buildConfigurations = (
				DF42795B1E5FA1C60070C092 /* Debug */,
				DF42795C1E5FA1C60070C092 /* Release */,
			);
			defaultConfigurationIsVisible = 0;
		};
/* End XCConfigurationList section */
	};
	rootObject = DF4279401E5FA1C60070C092 /* Project object */;
}
